
Microsoft Visual Studio Solution File, Format Version 12.00
# Visual Studio Version 17
VisualStudioVersion = 17.14.36518.9 d17.14
MinimumVisualStudioVersion = 10.0.40219.1
Project("{FAE04EC0-301F-11D3-BF4B-00C04F79EFBC}") = "Itau.Case.Clientes.Api", "Itau.Case.Clientes.Api\Itau.Case.Clientes.Api.csproj", "{6B48492F-5F35-4850-86EE-2112E86CC206}"
EndProject
Project("{FAE04EC0-301F-11D3-BF4B-00C04F79EFBC}") = "Itau.Case.Clientes.Domain", "Itau.Case.Clientes.Domain\Itau.Case.Clientes.Domain.csproj", "{C6495FBF-9954-4F2C-877A-5F2FB6918226}"
EndProject
Project("{FAE04EC0-301F-11D3-BF4B-00C04F79EFBC}") = "Itau.Case.Clientes.Infrastructure", "Itau.Case.Clientes.Infrastructure\Itau.Case.Clientes.Infrastructure.csproj", "{446A8F81-2C20-4C28-8AF5-DFD4834DC727}"
EndProject
Project("{FAE04EC0-301F-11D3-BF4B-00C04F79EFBC}") = "Itau.Case.Clientes.Application", "Itau.Case.Clientes.Application\Itau.Case.Clientes.Application.csproj", "{01F0347F-2794-4B91-B9E6-4B0C33C97994}"
EndProject
Project("{FAE04EC0-301F-11D3-BF4B-00C04F79EFBC}") = "Itau.Case.Clientes.UnitTests", "Itau.Case.Clientes.Tests\Itau.Case.Clientes.UnitTests.csproj", "{68C18E90-FE25-40E5-BD79-ADAF7E1D313F}"
EndProject
Project("{2150E333-8FDC-42A3-9474-1A3956D46DE8}") = "app", "app", "{02EA681E-C7D8-13C7-8484-4AC65E1B71E8}"
EndProject
Project("{2150E333-8FDC-42A3-9474-1A3956D46DE8}") = "tests", "tests", "{99C21DD4-76C3-4C69-92BB-CC8D9DF81B9A}"
EndProject
Project("{FAE04EC0-301F-11D3-BF4B-00C04F79EFBC}") = "Itau.Case.Clientes.IntegratedTests", "Itau.Case.Clientes.IntegratedTests\Itau.Case.Clientes.IntegratedTests.csproj", "{F3505BED-AB72-4BB7-8CA3-8526851CBA0B}"
EndProject
Global
	GlobalSection(SolutionConfigurationPlatforms) = preSolution
		Debug|Any CPU = Debug|Any CPU
		Release|Any CPU = Release|Any CPU
	EndGlobalSection
	GlobalSection(ProjectConfigurationPlatforms) = postSolution
		{6B48492F-5F35-4850-86EE-2112E86CC206}.Debug|Any CPU.ActiveCfg = Debug|Any CPU
		{6B48492F-5F35-4850-86EE-2112E86CC206}.Debug|Any CPU.Build.0 = Debug|Any CPU
		{6B48492F-5F35-4850-86EE-2112E86CC206}.Release|Any CPU.ActiveCfg = Release|Any CPU
		{6B48492F-5F35-4850-86EE-2112E86CC206}.Release|Any CPU.Build.0 = Release|Any CPU
		{C6495FBF-9954-4F2C-877A-5F2FB6918226}.Debug|Any CPU.ActiveCfg = Debug|Any CPU
		{C6495FBF-9954-4F2C-877A-5F2FB6918226}.Debug|Any CPU.Build.0 = Debug|Any CPU
		{C6495FBF-9954-4F2C-877A-5F2FB6918226}.Release|Any CPU.ActiveCfg = Release|Any CPU
		{C6495FBF-9954-4F2C-877A-5F2FB6918226}.Release|Any CPU.Build.0 = Release|Any CPU
		{446A8F81-2C20-4C28-8AF5-DFD4834DC727}.Debug|Any CPU.ActiveCfg = Debug|Any CPU
		{446A8F81-2C20-4C28-8AF5-DFD4834DC727}.Debug|Any CPU.Build.0 = Debug|Any CPU
		{446A8F81-2C20-4C28-8AF5-DFD4834DC727}.Release|Any CPU.ActiveCfg = Release|Any CPU
		{446A8F81-2C20-4C28-8AF5-DFD4834DC727}.Release|Any CPU.Build.0 = Release|Any CPU
		{01F0347F-2794-4B91-B9E6-4B0C33C97994}.Debug|Any CPU.ActiveCfg = Debug|Any CPU
		{01F0347F-2794-4B91-B9E6-4B0C33C97994}.Debug|Any CPU.Build.0 = Debug|Any CPU
		{01F0347F-2794-4B91-B9E6-4B0C33C97994}.Release|Any CPU.ActiveCfg = Release|Any CPU
		{01F0347F-2794-4B91-B9E6-4B0C33C97994}.Release|Any CPU.Build.0 = Release|Any CPU
		{68C18E90-FE25-40E5-BD79-ADAF7E1D313F}.Debug|Any CPU.ActiveCfg = Debug|Any CPU
		{68C18E90-FE25-40E5-BD79-ADAF7E1D313F}.Debug|Any CPU.Build.0 = Debug|Any CPU
		{68C18E90-FE25-40E5-BD79-ADAF7E1D313F}.Release|Any CPU.ActiveCfg = Release|Any CPU
		{68C18E90-FE25-40E5-BD79-ADAF7E1D313F}.Release|Any CPU.Build.0 = Release|Any CPU
		{F3505BED-AB72-4BB7-8CA3-8526851CBA0B}.Debug|Any CPU.ActiveCfg = Debug|Any CPU
		{F3505BED-AB72-4BB7-8CA3-8526851CBA0B}.Debug|Any CPU.Build.0 = Debug|Any CPU
		{F3505BED-AB72-4BB7-8CA3-8526851CBA0B}.Release|Any CPU.ActiveCfg = Release|Any CPU
		{F3505BED-AB72-4BB7-8CA3-8526851CBA0B}.Release|Any CPU.Build.0 = Release|Any CPU
	EndGlobalSection
	GlobalSection(SolutionProperties) = preSolution
		HideSolutionNode = FALSE
	EndGlobalSection
	GlobalSection(NestedProjects) = preSolution
		{6B48492F-5F35-4850-86EE-2112E86CC206} = {02EA681E-C7D8-13C7-8484-4AC65E1B71E8}
		{C6495FBF-9954-4F2C-877A-5F2FB6918226} = {02EA681E-C7D8-13C7-8484-4AC65E1B71E8}
		{446A8F81-2C20-4C28-8AF5-DFD4834DC727} = {02EA681E-C7D8-13C7-8484-4AC65E1B71E8}
		{01F0347F-2794-4B91-B9E6-4B0C33C97994} = {02EA681E-C7D8-13C7-8484-4AC65E1B71E8}
		{68C18E90-FE25-40E5-BD79-ADAF7E1D313F} = {99C21DD4-76C3-4C69-92BB-CC8D9DF81B9A}
		{F3505BED-AB72-4BB7-8CA3-8526851CBA0B} = {99C21DD4-76C3-4C69-92BB-CC8D9DF81B9A}
	EndGlobalSection
	GlobalSection(ExtensibilityGlobals) = postSolution
		SolutionGuid = {6CAD5393-027A-4D8B-B014-B394AF49D71D}
	EndGlobalSection
EndGlobal
